
Microsoft Visual Studio Solution File, Format Version 12.00
# Visual Studio Version 16
VisualStudioVersion = 16.0.30011.22
MinimumVisualStudioVersion = 10.0.40219.1
Project("{FAE04EC0-301F-11D3-BF4B-00C04F79EFBC}") = "n2b2", "n2b2.csproj", "{D725BA5C-E6B3-4B44-85C3-B13E62CDD450}"
EndProject
Global
	GlobalSection(SolutionConfigurationPlatforms) = preSolution
		Debug|Any CPU = Debug|Any CPU
		Release|Any CPU = Release|Any CPU
	EndGlobalSection
	GlobalSection(ProjectConfigurationPlatforms) = postSolution
		{D725BA5C-E6B3-4B44-85C3-B13E62CDD450}.Debug|Any CPU.ActiveCfg = Debug|Any CPU
		{D725BA5C-E6B3-4B44-85C3-B13E62CDD450}.Debug|Any CPU.Build.0 = Debug|Any CPU
		{D725BA5C-E6B3-4B44-85C3-B13E62CDD450}.Release|Any CPU.ActiveCfg = Release|Any CPU
		{D725BA5C-E6B3-4B44-85C3-B13E62CDD450}.Release|Any CPU.Build.0 = Release|Any CPU
	EndGlobalSection
	GlobalSection(SolutionProperties) = preSolution
		HideSolutionNode = FALSE
	EndGlobalSection
	GlobalSection(ExtensibilityGlobals) = postSolution
		SolutionGuid = {1007C0B5-67F8-4D37-B96C-8241C7D4D3A9}
	EndGlobalSection
EndGlobal
